
Microsoft Visual Studio Solution File, Format Version 12.00
# Visual Studio Version 17
VisualStudioVersion = 17.10.34928.147
MinimumVisualStudioVersion = 10.0.40219.1
Project("{2150E333-8FDC-42A3-9474-1A3956D46DE8}") = "src", "src", "{90D6CE17-CD2C-4F11-88BE-8A3F7BE8486C}"
EndProject
Project("{2150E333-8FDC-42A3-9474-1A3956D46DE8}") = "Presentation", "Presentation", "{C410D5D9-7BD0-422E-8834-7D55C1853E4F}"
EndProject
Project("{9A19103F-16F7-4668-BE54-9A1E7A4F7556}") = "Project1.API", "src\Presentation\Project1.API\Project1.API.csproj", "{0A30FDFA-026D-4B28-991E-C3BF156F0004}"
EndProject
Project("{FAE04EC0-301F-11D3-BF4B-00C04F79EFBC}") = "Project1.Core", "src\Project1.Core\Project1.Core.csproj", "{B28A338C-0A06-4585-88B2-7AC7A1950D36}"
EndProject
Project("{FAE04EC0-301F-11D3-BF4B-00C04F79EFBC}") = "Project1.Application", "src\Project1.Application\Project1.Application.csproj", "{B6EC640C-69EF-44FB-B0E8-77ACB8FEFE4E}"
EndProject
Project("{FAE04EC0-301F-11D3-BF4B-00C04F79EFBC}") = "Project1.IOC", "src\Project1.IOC\Project1.IOC.csproj", "{A9249D6C-3708-4076-A3F4-0A5B8FDC4DBD}"
EndProject
Project("{FAE04EC0-301F-11D3-BF4B-00C04F79EFBC}") = "Project1.Infrastructure", "src\Project1.Infrastructure\Project1.Infrastructure.csproj", "{79A41490-C902-4D2F-BE12-EF37122A004C}"
EndProject
Global
	GlobalSection(SolutionConfigurationPlatforms) = preSolution
		Debug|Any CPU = Debug|Any CPU
		Release|Any CPU = Release|Any CPU
	EndGlobalSection
	GlobalSection(ProjectConfigurationPlatforms) = postSolution
		{0A30FDFA-026D-4B28-991E-C3BF156F0004}.Debug|Any CPU.ActiveCfg = Debug|Any CPU
		{0A30FDFA-026D-4B28-991E-C3BF156F0004}.Debug|Any CPU.Build.0 = Debug|Any CPU
		{0A30FDFA-026D-4B28-991E-C3BF156F0004}.Release|Any CPU.ActiveCfg = Release|Any CPU
		{0A30FDFA-026D-4B28-991E-C3BF156F0004}.Release|Any CPU.Build.0 = Release|Any CPU
		{B28A338C-0A06-4585-88B2-7AC7A1950D36}.Debug|Any CPU.ActiveCfg = Debug|Any CPU
		{B28A338C-0A06-4585-88B2-7AC7A1950D36}.Debug|Any CPU.Build.0 = Debug|Any CPU
		{B28A338C-0A06-4585-88B2-7AC7A1950D36}.Release|Any CPU.ActiveCfg = Release|Any CPU
		{B28A338C-0A06-4585-88B2-7AC7A1950D36}.Release|Any CPU.Build.0 = Release|Any CPU
		{B6EC640C-69EF-44FB-B0E8-77ACB8FEFE4E}.Debug|Any CPU.ActiveCfg = Debug|Any CPU
		{B6EC640C-69EF-44FB-B0E8-77ACB8FEFE4E}.Debug|Any CPU.Build.0 = Debug|Any CPU
		{B6EC640C-69EF-44FB-B0E8-77ACB8FEFE4E}.Release|Any CPU.ActiveCfg = Release|Any CPU
		{B6EC640C-69EF-44FB-B0E8-77ACB8FEFE4E}.Release|Any CPU.Build.0 = Release|Any CPU
		{A9249D6C-3708-4076-A3F4-0A5B8FDC4DBD}.Debug|Any CPU.ActiveCfg = Debug|Any CPU
		{A9249D6C-3708-4076-A3F4-0A5B8FDC4DBD}.Debug|Any CPU.Build.0 = Debug|Any CPU
		{A9249D6C-3708-4076-A3F4-0A5B8FDC4DBD}.Release|Any CPU.ActiveCfg = Release|Any CPU
		{A9249D6C-3708-4076-A3F4-0A5B8FDC4DBD}.Release|Any CPU.Build.0 = Release|Any CPU
		{79A41490-C902-4D2F-BE12-EF37122A004C}.Debug|Any CPU.ActiveCfg = Debug|Any CPU
		{79A41490-C902-4D2F-BE12-EF37122A004C}.Debug|Any CPU.Build.0 = Debug|Any CPU
		{79A41490-C902-4D2F-BE12-EF37122A004C}.Release|Any CPU.ActiveCfg = Release|Any CPU
		{79A41490-C902-4D2F-BE12-EF37122A004C}.Release|Any CPU.Build.0 = Release|Any CPU
	EndGlobalSection
	GlobalSection(SolutionProperties) = preSolution
		HideSolutionNode = FALSE
	EndGlobalSection
	GlobalSection(NestedProjects) = preSolution
		{C410D5D9-7BD0-422E-8834-7D55C1853E4F} = {90D6CE17-CD2C-4F11-88BE-8A3F7BE8486C}
		{0A30FDFA-026D-4B28-991E-C3BF156F0004} = {C410D5D9-7BD0-422E-8834-7D55C1853E4F}
		{B28A338C-0A06-4585-88B2-7AC7A1950D36} = {90D6CE17-CD2C-4F11-88BE-8A3F7BE8486C}
		{B6EC640C-69EF-44FB-B0E8-77ACB8FEFE4E} = {90D6CE17-CD2C-4F11-88BE-8A3F7BE8486C}
		{A9249D6C-3708-4076-A3F4-0A5B8FDC4DBD} = {90D6CE17-CD2C-4F11-88BE-8A3F7BE8486C}
		{79A41490-C902-4D2F-BE12-EF37122A004C} = {90D6CE17-CD2C-4F11-88BE-8A3F7BE8486C}
	EndGlobalSection
	GlobalSection(ExtensibilityGlobals) = postSolution
		SolutionGuid = {6B229724-A75C-451C-8168-B2EC70017780}
	EndGlobalSection
EndGlobal
